// !$*UTF8*$!
{
	archiveVersion = 1;
	classes = {
	};
	objectVersion = 46;
	objects = {

/* Begin PBXBuildFile section */
		C551222F1F1701F9005DFA0F /* main.m in Sources */ = {isa = PBXBuildFile; fileRef = C551222E1F1701F9005DFA0F /* main.m */; };
		C55122321F1701F9005DFA0F /* AppDelegate.m in Sources */ = {isa = PBXBuildFile; fileRef = C55122311F1701F9005DFA0F /* AppDelegate.m */; };
		C55122351F1701F9005DFA0F /* ViewController.m in Sources */ = {isa = PBXBuildFile; fileRef = C55122341F1701F9005DFA0F /* ViewController.m */; };
		C55122381F1701F9005DFA0F /* Main.storyboard in Resources */ = {isa = PBXBuildFile; fileRef = C55122361F1701F9005DFA0F /* Main.storyboard */; };
		C551223A1F1701F9005DFA0F /* Assets.xcassets in Resources */ = {isa = PBXBuildFile; fileRef = C55122391F1701F9005DFA0F /* Assets.xcassets */; };
		C551223D1F1701F9005DFA0F /* LaunchScreen.storyboard in Resources */ = {isa = PBXBuildFile; fileRef = C551223B1F1701F9005DFA0F /* LaunchScreen.storyboard */; };
		C55122481F1701F9005DFA0F /* __EqualTests.m in Sources */ = {isa = PBXBuildFile; fileRef = C55122471F1701F9005DFA0F /* __EqualTests.m */; };
		C55122531F1701F9005DFA0F /* __EqualUITests.m in Sources */ = {isa = PBXBuildFile; fileRef = C55122521F1701F9005DFA0F /* __EqualUITests.m */; };
		C55122621F170CC1005DFA0F /* Person.m in Sources */ = {isa = PBXBuildFile; fileRef = C55122611F170CC1005DFA0F /* Person.m */; };
/* End PBXBuildFile section */

/* Begin PBXContainerItemProxy section */
		C55122441F1701F9005DFA0F /* PBXContainerItemProxy */ = {
			isa = PBXContainerItemProxy;
			containerPortal = C55122221F1701F9005DFA0F /* Project object */;
			proxyType = 1;
			remoteGlobalIDString = C55122291F1701F9005DFA0F;
			remoteInfo = "8-Equal";
		};
		C551224F1F1701F9005DFA0F /* PBXContainerItemProxy */ = {
			isa = PBXContainerItemProxy;
			containerPortal = C55122221F1701F9005DFA0F /* Project object */;
			proxyType = 1;
			remoteGlobalIDString = C55122291F1701F9005DFA0F;
			remoteInfo = "8-Equal";
		};
/* End PBXContainerItemProxy section */

/* Begin PBXFileReference section */
		C551222A1F1701F9005DFA0F /* 8-Equal.app */ = {isa = PBXFileReference; explicitFileType = wrapper.application; includeInIndex = 0; path = "8-Equal.app"; sourceTree = BUILT_PRODUCTS_DIR; };
		C551222E1F1701F9005DFA0F /* main.m */ = {isa = PBXFileReference; lastKnownFileType = sourcecode.c.objc; path = main.m; sourceTree = "<group>"; };
		C55122301F1701F9005DFA0F /* AppDelegate.h */ = {isa = PBXFileReference; lastKnownFileType = sourcecode.c.h; path = AppDelegate.h; sourceTree = "<group>"; };
		C55122311F1701F9005DFA0F /* AppDelegate.m */ = {isa = PBXFileReference; lastKnownFileType = sourcecode.c.objc; path = AppDelegate.m; sourceTree = "<group>"; };
		C55122331F1701F9005DFA0F /* ViewController.h */ = {isa = PBXFileReference; lastKnownFileType = sourcecode.c.h; path = ViewController.h; sourceTree = "<group>"; };
		C55122341F1701F9005DFA0F /* ViewController.m */ = {isa = PBXFileReference; lastKnownFileType = sourcecode.c.objc; path = ViewController.m; sourceTree = "<group>"; };
		C55122371F1701F9005DFA0F /* Base */ = {isa = PBXFileReference; lastKnownFileType = file.storyboard; name = Base; path = Base.lproj/Main.storyboard; sourceTree = "<group>"; };
		C55122391F1701F9005DFA0F /* Assets.xcassets */ = {isa = PBXFileReference; lastKnownFileType = folder.assetcatalog; path = Assets.xcassets; sourceTree = "<group>"; };
		C551223C1F1701F9005DFA0F /* Base */ = {isa = PBXFileReference; lastKnownFileType = file.storyboard; name = Base; path = Base.lproj/LaunchScreen.storyboard; sourceTree = "<group>"; };
		C551223E1F1701F9005DFA0F /* Info.plist */ = {isa = PBXFileReference; lastKnownFileType = text.plist.xml; path = Info.plist; sourceTree = "<group>"; };
		C55122431F1701F9005DFA0F /* 8-EqualTests.xctest */ = {isa = PBXFileReference; explicitFileType = wrapper.cfbundle; includeInIndex = 0; path = "8-EqualTests.xctest"; sourceTree = BUILT_PRODUCTS_DIR; };
		C55122471F1701F9005DFA0F /* __EqualTests.m */ = {isa = PBXFileReference; lastKnownFileType = sourcecode.c.objc; path = __EqualTests.m; sourceTree = "<group>"; };
		C55122491F1701F9005DFA0F /* Info.plist */ = {isa = PBXFileReference; lastKnownFileType = text.plist.xml; path = Info.plist; sourceTree = "<group>"; };
		C551224E1F1701F9005DFA0F /* 8-EqualUITests.xctest */ = {isa = PBXFileReference; explicitFileType = wrapper.cfbundle; includeInIndex = 0; path = "8-EqualUITests.xctest"; sourceTree = BUILT_PRODUCTS_DIR; };
		C55122521F1701F9005DFA0F /* __EqualUITests.m */ = {isa = PBXFileReference; lastKnownFileType = sourcecode.c.objc; path = __EqualUITests.m; sourceTree = "<group>"; };
		C55122541F1701F9005DFA0F /* Info.plist */ = {isa = PBXFileReference; lastKnownFileType = text.plist.xml; path = Info.plist; sourceTree = "<group>"; };
		C55122601F170CC1005DFA0F /* Person.h */ = {isa = PBXFileReference; fileEncoding = 4; lastKnownFileType = sourcecode.c.h; path = Person.h; sourceTree = "<group>"; };
		C55122611F170CC1005DFA0F /* Person.m */ = {isa = PBXFileReference; fileEncoding = 4; lastKnownFileType = sourcecode.c.objc; path = Person.m; sourceTree = "<group>"; };
/* End PBXFileReference section */

/* Begin PBXFrameworksBuildPhase section */
		C55122271F1701F9005DFA0F /* Frameworks */ = {
			isa = PBXFrameworksBuildPhase;
			buildActionMask = 2147483647;
			files = (
			);
			runOnlyForDeploymentPostprocessing = 0;
		};
		C55122401F1701F9005DFA0F /* Frameworks */ = {
			isa = PBXFrameworksBuildPhase;
			buildActionMask = 2147483647;
			files = (
			);
			runOnlyForDeploymentPostprocessing = 0;
		};
		C551224B1F1701F9005DFA0F /* Frameworks */ = {
			isa = PBXFrameworksBuildPhase;
			buildActionMask = 2147483647;
			files = (
			);
			runOnlyForDeploymentPostprocessing = 0;
		};
/* End PBXFrameworksBuildPhase section */

/* Begin PBXGroup section */
		C55122211F1701F9005DFA0F = {
			isa = PBXGroup;
			children = (
				C551222C1F1701F9005DFA0F /* 8-Equal */,
				C55122461F1701F9005DFA0F /* 8-EqualTests */,
				C55122511F1701F9005DFA0F /* 8-EqualUITests */,
				C551222B1F1701F9005DFA0F /* Products */,
			);
			sourceTree = "<group>";
		};
		C551222B1F1701F9005DFA0F /* Products */ = {
			isa = PBXGroup;
			children = (
				C551222A1F1701F9005DFA0F /* 8-Equal.app */,
				C55122431F1701F9005DFA0F /* 8-EqualTests.xctest */,
				C551224E1F1701F9005DFA0F /* 8-EqualUITests.xctest */,
			);
			name = Products;
			sourceTree = "<group>";
		};
		C551222C1F1701F9005DFA0F /* 8-Equal */ = {
			isa = PBXGroup;
			children = (
				C55122301F1701F9005DFA0F /* AppDelegate.h */,
				C55122311F1701F9005DFA0F /* AppDelegate.m */,
				C55122331F1701F9005DFA0F /* ViewController.h */,
				C55122341F1701F9005DFA0F /* ViewController.m */,
				C55122361F1701F9005DFA0F /* Main.storyboard */,
				C55122391F1701F9005DFA0F /* Assets.xcassets */,
				C551223B1F1701F9005DFA0F /* LaunchScreen.storyboard */,
				C551223E1F1701F9005DFA0F /* Info.plist */,
				C551222D1F1701F9005DFA0F /* Supporting Files */,
				C55122601F170CC1005DFA0F /* Person.h */,
				C55122611F170CC1005DFA0F /* Person.m */,
			);
			path = "8-Equal";
			sourceTree = "<group>";
		};
		C551222D1F1701F9005DFA0F /* Supporting Files */ = {
			isa = PBXGroup;
			children = (
				C551222E1F1701F9005DFA0F /* main.m */,
			);
			name = "Supporting Files";
			sourceTree = "<group>";
		};
		C55122461F1701F9005DFA0F /* 8-EqualTests */ = {
			isa = PBXGroup;
			children = (
				C55122471F1701F9005DFA0F /* __EqualTests.m */,
				C55122491F1701F9005DFA0F /* Info.plist */,
			);
			path = "8-EqualTests";
			sourceTree = "<group>";
		};
		C55122511F1701F9005DFA0F /* 8-EqualUITests */ = {
			isa = PBXGroup;
			children = (
				C55122521F1701F9005DFA0F /* __EqualUITests.m */,
				C55122541F1701F9005DFA0F /* Info.plist */,
			);
			path = "8-EqualUITests";
			sourceTree = "<group>";
		};
/* End PBXGroup section */

/* Begin PBXNativeTarget section */
		C55122291F1701F9005DFA0F /* 8-Equal */ = {
			isa = PBXNativeTarget;
			buildConfigurationList = C55122571F1701F9005DFA0F /* Build configuration list for PBXNativeTarget "8-Equal" */;
			buildPhases = (
				C55122261F1701F9005DFA0F /* Sources */,
				C55122271F1701F9005DFA0F /* Frameworks */,
				C55122281F1701F9005DFA0F /* Resources */,
			);
			buildRules = (
			);
			dependencies = (
			);
			name = "8-Equal";
			productName = "8-Equal";
			productReference = C551222A1F1701F9005DFA0F /* 8-Equal.app */;
			productType = "com.apple.product-type.application";
		};
		C55122421F1701F9005DFA0F /* 8-EqualTests */ = {
			isa = PBXNativeTarget;
			buildConfigurationList = C551225A1F1701F9005DFA0F /* Build configuration list for PBXNativeTarget "8-EqualTests" */;
			buildPhases = (
				C551223F1F1701F9005DFA0F /* Sources */,
				C55122401F1701F9005DFA0F /* Frameworks */,
				C55122411F1701F9005DFA0F /* Resources */,
			);
			buildRules = (
			);
			dependencies = (
				C55122451F1701F9005DFA0F /* PBXTargetDependency */,
			);
			name = "8-EqualTests";
			productName = "8-EqualTests";
			productReference = C55122431F1701F9005DFA0F /* 8-EqualTests.xctest */;
			productType = "com.apple.product-type.bundle.unit-test";
		};
		C551224D1F1701F9005DFA0F /* 8-EqualUITests */ = {
			isa = PBXNativeTarget;
			buildConfigurationList = C551225D1F1701F9005DFA0F /* Build configuration list for PBXNativeTarget "8-EqualUITests" */;
			buildPhases = (
				C551224A1F1701F9005DFA0F /* Sources */,
				C551224B1F1701F9005DFA0F /* Frameworks */,
				C551224C1F1701F9005DFA0F /* Resources */,
			);
			buildRules = (
			);
			dependencies = (
				C55122501F1701F9005DFA0F /* PBXTargetDependency */,
			);
			name = "8-EqualUITests";
			productName = "8-EqualUITests";
			productReference = C551224E1F1701F9005DFA0F /* 8-EqualUITests.xctest */;
			productType = "com.apple.product-type.bundle.ui-testing";
		};
/* End PBXNativeTarget section */

/* Begin PBXProject section */
		C55122221F1701F9005DFA0F /* Project object */ = {
			isa = PBXProject;
			attributes = {
				LastUpgradeCheck = 0830;
				ORGANIZATIONNAME = FlyElephant;
				TargetAttributes = {
					C55122291F1701F9005DFA0F = {
						CreatedOnToolsVersion = 8.3.3;
						ProvisioningStyle = Automatic;
					};
					C55122421F1701F9005DFA0F = {
						CreatedOnToolsVersion = 8.3.3;
						ProvisioningStyle = Automatic;
						TestTargetID = C55122291F1701F9005DFA0F;
					};
					C551224D1F1701F9005DFA0F = {
						CreatedOnToolsVersion = 8.3.3;
						ProvisioningStyle = Automatic;
						TestTargetID = C55122291F1701F9005DFA0F;
					};
				};
			};
			buildConfigurationList = C55122251F1701F9005DFA0F /* Build configuration list for PBXProject "8-Equal" */;
			compatibilityVersion = "Xcode 3.2";
			developmentRegion = English;
			hasScannedForEncodings = 0;
			knownRegions = (
				en,
				Base,
			);
			mainGroup = C55122211F1701F9005DFA0F;
			productRefGroup = C551222B1F1701F9005DFA0F /* Products */;
			projectDirPath = "";
			projectRoot = "";
			targets = (
				C55122291F1701F9005DFA0F /* 8-Equal */,
				C55122421F1701F9005DFA0F /* 8-EqualTests */,
				C551224D1F1701F9005DFA0F /* 8-EqualUITests */,
			);
		};
/* End PBXProject section */

/* Begin PBXResourcesBuildPhase section */
		C55122281F1701F9005DFA0F /* Resources */ = {
			isa = PBXResourcesBuildPhase;
			buildActionMask = 2147483647;
			files = (
				C551223D1F1701F9005DFA0F /* LaunchScreen.storyboard in Resources */,
				C551223A1F1701F9005DFA0F /* Assets.xcassets in Resources */,
				C55122381F1701F9005DFA0F /* Main.storyboard in Resources */,
			);
			runOnlyForDeploymentPostprocessing = 0;
		};
		C55122411F1701F9005DFA0F /* Resources */ = {
			isa = PBXResourcesBuildPhase;
			buildActionMask = 2147483647;
			files = (
			);
			runOnlyForDeploymentPostprocessing = 0;
		};
		C551224C1F1701F9005DFA0F /* Resources */ = {
			isa = PBXResourcesBuildPhase;
			buildActionMask = 2147483647;
			files = (
			);
			runOnlyForDeploymentPostprocessing = 0;
		};
/* End PBXResourcesBuildPhase section */

/* Begin PBXSourcesBuildPhase section */
		C55122261F1701F9005DFA0F /* Sources */ = {
			isa = PBXSourcesBuildPhase;
			buildActionMask = 2147483647;
			files = (
				C55122351F1701F9005DFA0F /* ViewController.m in Sources */,
				C55122321F1701F9005DFA0F /* AppDelegate.m in Sources */,
				C55122621F170CC1005DFA0F /* Person.m in Sources */,
				C551222F1F1701F9005DFA0F /* main.m in Sources */,
			);
			runOnlyForDeploymentPostprocessing = 0;
		};
		C551223F1F1701F9005DFA0F /* Sources */ = {
			isa = PBXSourcesBuildPhase;
			buildActionMask = 2147483647;
			files = (
				C55122481F1701F9005DFA0F /* __EqualTests.m in Sources */,
			);
			runOnlyForDeploymentPostprocessing = 0;
		};
		C551224A1F1701F9005DFA0F /* Sources */ = {
			isa = PBXSourcesBuildPhase;
			buildActionMask = 2147483647;
			files = (
				C55122531F1701F9005DFA0F /* __EqualUITests.m in Sources */,
			);
			runOnlyForDeploymentPostprocessing = 0;
		};
/* End PBXSourcesBuildPhase section */

/* Begin PBXTargetDependency section */
		C55122451F1701F9005DFA0F /* PBXTargetDependency */ = {
			isa = PBXTargetDependency;
			target = C55122291F1701F9005DFA0F /* 8-Equal */;
			targetProxy = C55122441F1701F9005DFA0F /* PBXContainerItemProxy */;
		};
		C55122501F1701F9005DFA0F /* PBXTargetDependency */ = {
			isa = PBXTargetDependency;
			target = C55122291F1701F9005DFA0F /* 8-Equal */;
			targetProxy = C551224F1F1701F9005DFA0F /* PBXContainerItemProxy */;
		};
/* End PBXTargetDependency section */

/* Begin PBXVariantGroup section */
		C55122361F1701F9005DFA0F /* Main.storyboard */ = {
			isa = PBXVariantGroup;
			children = (
				C55122371F1701F9005DFA0F /* Base */,
			);
			name = Main.storyboard;
			sourceTree = "<group>";
		};
		C551223B1F1701F9005DFA0F /* LaunchScreen.storyboard */ = {
			isa = PBXVariantGroup;
			children = (
				C551223C1F1701F9005DFA0F /* Base */,
			);
			name = LaunchScreen.storyboard;
			sourceTree = "<group>";
		};
/* End PBXVariantGroup section */

/* Begin XCBuildConfiguration section */
		C55122551F1701F9005DFA0F /* Debug */ = {
			isa = XCBuildConfiguration;
			buildSettings = {
				ALWAYS_SEARCH_USER_PATHS = NO;
				CLANG_ANALYZER_NONNULL = YES;
				CLANG_ANALYZER_NUMBER_OBJECT_CONVERSION = YES_AGGRESSIVE;
				CLANG_CXX_LANGUAGE_STANDARD = "gnu++0x";
				CLANG_CXX_LIBRARY = "libc++";
				CLANG_ENABLE_MODULES = YES;
				CLANG_ENABLE_OBJC_ARC = YES;
				CLANG_WARN_BOOL_CONVERSION = YES;
				CLANG_WARN_CONSTANT_CONVERSION = YES;
				CLANG_WARN_DIRECT_OBJC_ISA_USAGE = YES_ERROR;
				CLANG_WARN_DOCUMENTATION_COMMENTS = YES;
				CLANG_WARN_EMPTY_BODY = YES;
				CLANG_WARN_ENUM_CONVERSION = YES;
				CLANG_WARN_INFINITE_RECURSION = YES;
				CLANG_WARN_INT_CONVERSION = YES;
				CLANG_WARN_OBJC_ROOT_CLASS = YES_ERROR;
				CLANG_WARN_SUSPICIOUS_MOVE = YES;
				CLANG_WARN_UNREACHABLE_CODE = YES;
				CLANG_WARN__DUPLICATE_METHOD_MATCH = YES;
				"CODE_SIGN_IDENTITY[sdk=iphoneos*]" = "iPhone Developer";
				COPY_PHASE_STRIP = NO;
				DEBUG_INFORMATION_FORMAT = dwarf;
				ENABLE_STRICT_OBJC_MSGSEND = YES;
				ENABLE_TESTABILITY = YES;
				GCC_C_LANGUAGE_STANDARD = gnu99;
				GCC_DYNAMIC_NO_PIC = NO;
				GCC_NO_COMMON_BLOCKS = YES;
				GCC_OPTIMIZATION_LEVEL = 0;
				GCC_PREPROCESSOR_DEFINITIONS = (
					"DEBUG=1",
					"$(inherited)",
				);
				GCC_WARN_64_TO_32_BIT_CONVERSION = YES;
				GCC_WARN_ABOUT_RETURN_TYPE = YES_ERROR;
				GCC_WARN_UNDECLARED_SELECTOR = YES;
				GCC_WARN_UNINITIALIZED_AUTOS = YES_AGGRESSIVE;
				GCC_WARN_UNUSED_FUNCTION = YES;
				GCC_WARN_UNUSED_VARIABLE = YES;
				IPHONEOS_DEPLOYMENT_TARGET = 10.3;
				MTL_ENABLE_DEBUG_INFO = YES;
				ONLY_ACTIVE_ARCH = YES;
				SDKROOT = iphoneos;
			};
			name = Debug;
		};
		C55122561F1701F9005DFA0F /* Release */ = {
			isa = XCBuildConfiguration;
			buildSettings = {
				ALWAYS_SEARCH_USER_PATHS = NO;
				CLANG_ANALYZER_NONNULL = YES;
				CLANG_ANALYZER_NUMBER_OBJECT_CONVERSION = YES_AGGRESSIVE;
				CLANG_CXX_LANGUAGE_STANDARD = "gnu++0x";
				CLANG_CXX_LIBRARY = "libc++";
				CLANG_ENABLE_MODULES = YES;
				CLANG_ENABLE_OBJC_ARC = YES;
				CLANG_WARN_BOOL_CONVERSION = YES;
				CLANG_WARN_CONSTANT_CONVERSION = YES;
				CLANG_WARN_DIRECT_OBJC_ISA_USAGE = YES_ERROR;
				CLANG_WARN_DOCUMENTATION_COMMENTS = YES;
				CLANG_WARN_EMPTY_BODY = YES;
				CLANG_WARN_ENUM_CONVERSION = YES;
				CLANG_WARN_INFINITE_RECURSION = YES;
				CLANG_WARN_INT_CONVERSION = YES;
				CLANG_WARN_OBJC_ROOT_CLASS = YES_ERROR;
				CLANG_WARN_SUSPICIOUS_MOVE = YES;
				CLANG_WARN_UNREACHABLE_CODE = YES;
				CLANG_WARN__DUPLICATE_METHOD_MATCH = YES;
				"CODE_SIGN_IDENTITY[sdk=iphoneos*]" = "iPhone Developer";
				COPY_PHASE_STRIP = NO;
				DEBUG_INFORMATION_FORMAT = "dwarf-with-dsym";
				ENABLE_NS_ASSERTIONS = NO;
				ENABLE_STRICT_OBJC_MSGSEND = YES;
				GCC_C_LANGUAGE_STANDARD = gnu99;
				GCC_NO_COMMON_BLOCKS = YES;
				GCC_WARN_64_TO_32_BIT_CONVERSION = YES;
				GCC_WARN_ABOUT_RETURN_TYPE = YES_ERROR;
				GCC_WARN_UNDECLARED_SELECTOR = YES;
				GCC_WARN_UNINITIALIZED_AUTOS = YES_AGGRESSIVE;
				GCC_WARN_UNUSED_FUNCTION = YES;
				GCC_WARN_UNUSED_VARIABLE = YES;
				IPHONEOS_DEPLOYMENT_TARGET = 10.3;
				MTL_ENABLE_DEBUG_INFO = NO;
				SDKROOT = iphoneos;
				VALIDATE_PRODUCT = YES;
			};
			name = Release;
		};
		C55122581F1701F9005DFA0F /* Debug */ = {
			isa = XCBuildConfiguration;
			buildSettings = {
				ASSETCATALOG_COMPILER_APPICON_NAME = AppIcon;
				INFOPLIST_FILE = "8-Equal/Info.plist";
				LD_RUNPATH_SEARCH_PATHS = "$(inherited) @executable_path/Frameworks";
				PRODUCT_BUNDLE_IDENTIFIER = "github.com-SmallElephant.--Equal";
				PRODUCT_NAME = "$(TARGET_NAME)";
			};
			name = Debug;
		};
		C55122591F1701F9005DFA0F /* Release */ = {
			isa = XCBuildConfiguration;
			buildSettings = {
				ASSETCATALOG_COMPILER_APPICON_NAME = AppIcon;
				INFOPLIST_FILE = "8-Equal/Info.plist";
				LD_RUNPATH_SEARCH_PATHS = "$(inherited) @executable_path/Frameworks";
				PRODUCT_BUNDLE_IDENTIFIER = "github.com-SmallElephant.--Equal";
				PRODUCT_NAME = "$(TARGET_NAME)";
			};
			name = Release;
		};
		C551225B1F1701F9005DFA0F /* Debug */ = {
			isa = XCBuildConfiguration;
			buildSettings = {
				BUNDLE_LOADER = "$(TEST_HOST)";
				INFOPLIST_FILE = "8-EqualTests/Info.plist";
				LD_RUNPATH_SEARCH_PATHS = "$(inherited) @executable_path/Frameworks @loader_path/Frameworks";
				PRODUCT_BUNDLE_IDENTIFIER = "github.com-SmallElephant.--EqualTests";
				PRODUCT_NAME = "$(TARGET_NAME)";
				TEST_HOST = "$(BUILT_PRODUCTS_DIR)/8-Equal.app/8-Equal";
			};
			name = Debug;
		};
		C551225C1F1701F9005DFA0F /* Release */ = {
			isa = XCBuildConfiguration;
			buildSettings = {
				BUNDLE_LOADER = "$(TEST_HOST)";
				INFOPLIST_FILE = "8-EqualTests/Info.plist";
				LD_RUNPATH_SEARCH_PATHS = "$(inherited) @executable_path/Frameworks @loader_path/Frameworks";
				PRODUCT_BUNDLE_IDENTIFIER = "github.com-SmallElephant.--EqualTests";
				PRODUCT_NAME = "$(TARGET_NAME)";
				TEST_HOST = "$(BUILT_PRODUCTS_DIR)/8-Equal.app/8-Equal";
			};
			name = Release;
		};
		C551225E1F1701F9005DFA0F /* Debug */ = {
			isa = XCBuildConfiguration;
			buildSettings = {
				INFOPLIST_FILE = "8-EqualUITests/Info.plist";
				LD_RUNPATH_SEARCH_PATHS = "$(inherited) @executable_path/Frameworks @loader_path/Frameworks";
				PRODUCT_BUNDLE_IDENTIFIER = "github.com-SmallElephant.--EqualUITests";
				PRODUCT_NAME = "$(TARGET_NAME)";
				TEST_TARGET_NAME = "8-Equal";
			};
			name = Debug;
		};
		C551225F1F1701F9005DFA0F /* Release */ = {
			isa = XCBuildConfiguration;
			buildSettings = {
				INFOPLIST_FILE = "8-EqualUITests/Info.plist";
				LD_RUNPATH_SEARCH_PATHS = "$(inherited) @executable_path/Frameworks @loader_path/Frameworks";
				PRODUCT_BUNDLE_IDENTIFIER = "github.com-SmallElephant.--EqualUITests";
				PRODUCT_NAME = "$(TARGET_NAME)";
				TEST_TARGET_NAME = "8-Equal";
			};
			name = Release;
		};
/* End XCBuildConfiguration section */

/* Begin XCConfigurationList section */
		C55122251F1701F9005DFA0F /* Build configuration list for PBXProject "8-Equal" */ = {
			isa = XCConfigurationList;
			buildConfigurations = (
				C55122551F1701F9005DFA0F /* Debug */,
				C55122561F1701F9005DFA0F /* Release */,
			);
			defaultConfigurationIsVisible = 0;
			defaultConfigurationName = Release;
		};
		C55122571F1701F9005DFA0F /* Build configuration list for PBXNativeTarget "8-Equal" */ = {
			isa = XCConfigurationList;
			buildConfigurations = (
				C55122581F1701F9005DFA0F /* Debug */,
				C55122591F1701F9005DFA0F /* Release */,
			);
			defaultConfigurationIsVisible = 0;
		};
		C551225A1F1701F9005DFA0F /* Build configuration list for PBXNativeTarget "8-EqualTests" */ = {
			isa = XCConfigurationList;
			buildConfigurations = (
				C551225B1F1701F9005DFA0F /* Debug */,
				C551225C1F1701F9005DFA0F /* Release */,
			);
			defaultConfigurationIsVisible = 0;
		};
		C551225D1F1701F9005DFA0F /* Build configuration list for PBXNativeTarget "8-EqualUITests" */ = {
			isa = XCConfigurationList;
			buildConfigurations = (
				C551225E1F1701F9005DFA0F /* Debug */,
				C551225F1F1701F9005DFA0F /* Release */,
			);
			defaultConfigurationIsVisible = 0;
		};
/* End XCConfigurationList section */
	};
	rootObject = C55122221F1701F9005DFA0F /* Project object */;
}
